
Microsoft Visual Studio Solution File, Format Version 12.00
# Visual Studio 2012
Project("{FAE04EC0-301F-11D3-BF4B-00C04F79EFBC}") = "MvcApplication8", "MvcApplication8\MvcApplication8.csproj", "{A6F339C7-FD14-4D77-95CF-D0A83B66A2F2}"
EndProject
Project("{FAE04EC0-301F-11D3-BF4B-00C04F79EFBC}") = "MvcApplication8.Tests", "MvcApplication8.Tests\MvcApplication8.Tests.csproj", "{1A30BF6B-05CC-41AE-82F5-66A9EC9C51BE}"
EndProject
Global
	GlobalSection(SolutionConfigurationPlatforms) = preSolution
		Debug|Any CPU = Debug|Any CPU
		Release|Any CPU = Release|Any CPU
	EndGlobalSection
	GlobalSection(ProjectConfigurationPlatforms) = postSolution
		{A6F339C7-FD14-4D77-95CF-D0A83B66A2F2}.Debug|Any CPU.ActiveCfg = Debug|Any CPU
		{A6F339C7-FD14-4D77-95CF-D0A83B66A2F2}.Debug|Any CPU.Build.0 = Debug|Any CPU
		{A6F339C7-FD14-4D77-95CF-D0A83B66A2F2}.Release|Any CPU.ActiveCfg = Release|Any CPU
		{A6F339C7-FD14-4D77-95CF-D0A83B66A2F2}.Release|Any CPU.Build.0 = Release|Any CPU
		{1A30BF6B-05CC-41AE-82F5-66A9EC9C51BE}.Debug|Any CPU.ActiveCfg = Debug|Any CPU
		{1A30BF6B-05CC-41AE-82F5-66A9EC9C51BE}.Debug|Any CPU.Build.0 = Debug|Any CPU
		{1A30BF6B-05CC-41AE-82F5-66A9EC9C51BE}.Release|Any CPU.ActiveCfg = Release|Any CPU
		{1A30BF6B-05CC-41AE-82F5-66A9EC9C51BE}.Release|Any CPU.Build.0 = Release|Any CPU
	EndGlobalSection
	GlobalSection(SolutionProperties) = preSolution
		HideSolutionNode = FALSE
	EndGlobalSection
EndGlobal
